
Microsoft Visual Studio Solution File, Format Version 12.00
# Visual Studio Version 16
VisualStudioVersion = 16.0.31205.134
MinimumVisualStudioVersion = 10.0.40219.1
Project("{9A19103F-16F7-4668-BE54-9A1E7A4F7556}") = "Book.Generated.WebApi", "Book.Generated.WebApi\Book.Generated.WebApi.csproj", "{99D048CC-5DFF-43F2-80A3-A5C557335106}"
	ProjectSection(ProjectDependencies) = postProject
		{51236876-6A6A-4F40-ADCF-F388FC0B8207} = {51236876-6A6A-4F40-ADCF-F388FC0B8207}
		{EFC0DB9D-70EF-4513-B8C3-0D4282391E82} = {EFC0DB9D-70EF-4513-B8C3-0D4282391E82}
	EndProjectSection
EndProject
Project("{9A19103F-16F7-4668-BE54-9A1E7A4F7556}") = "Domain", "Domain\Domain.csproj", "{EFC0DB9D-70EF-4513-B8C3-0D4282391E82}"
EndProject
Project("{9A19103F-16F7-4668-BE54-9A1E7A4F7556}") = "Infrastructure", "Infrastructure\Infrastructure.csproj", "{51236876-6A6A-4F40-ADCF-F388FC0B8207}"
EndProject
Global
	GlobalSection(SolutionConfigurationPlatforms) = preSolution
		Debug|Any CPU = Debug|Any CPU
		Release|Any CPU = Release|Any CPU
	EndGlobalSection
	GlobalSection(ProjectConfigurationPlatforms) = postSolution
		{99D048CC-5DFF-43F2-80A3-A5C557335106}.Debug|Any CPU.ActiveCfg = Debug|Any CPU
		{99D048CC-5DFF-43F2-80A3-A5C557335106}.Debug|Any CPU.Build.0 = Debug|Any CPU
		{99D048CC-5DFF-43F2-80A3-A5C557335106}.Release|Any CPU.ActiveCfg = Release|Any CPU
		{99D048CC-5DFF-43F2-80A3-A5C557335106}.Release|Any CPU.Build.0 = Release|Any CPU
		{EFC0DB9D-70EF-4513-B8C3-0D4282391E82}.Debug|Any CPU.ActiveCfg = Debug|Any CPU
		{EFC0DB9D-70EF-4513-B8C3-0D4282391E82}.Debug|Any CPU.Build.0 = Debug|Any CPU
		{EFC0DB9D-70EF-4513-B8C3-0D4282391E82}.Release|Any CPU.ActiveCfg = Release|Any CPU
		{EFC0DB9D-70EF-4513-B8C3-0D4282391E82}.Release|Any CPU.Build.0 = Release|Any CPU
		{51236876-6A6A-4F40-ADCF-F388FC0B8207}.Debug|Any CPU.ActiveCfg = Debug|Any CPU
		{51236876-6A6A-4F40-ADCF-F388FC0B8207}.Debug|Any CPU.Build.0 = Debug|Any CPU
		{51236876-6A6A-4F40-ADCF-F388FC0B8207}.Release|Any CPU.ActiveCfg = Release|Any CPU
		{51236876-6A6A-4F40-ADCF-F388FC0B8207}.Release|Any CPU.Build.0 = Release|Any CPU
	EndGlobalSection
	GlobalSection(SolutionProperties) = preSolution
		HideSolutionNode = FALSE
	EndGlobalSection
	GlobalSection(ExtensibilityGlobals) = postSolution
		SolutionGuid = {D5E1F5D8-7A38-4222-9D2E-5BBAD6251F3C}
	EndGlobalSection
EndGlobal
